
Microsoft Visual Studio Solution File, Format Version 12.00
# Visual Studio Version 17
VisualStudioVersion = 17.0.31912.275
MinimumVisualStudioVersion = 10.0.40219.1
Project("{9A19103F-16F7-4668-BE54-9A1E7A4F7556}") = "Academy.Week4.ADO.ConsoleApp", "Academy.Week4.ADO.ConsoleApp\Academy.Week4.ADO.ConsoleApp.csproj", "{F7C0F1F7-55FE-4A3A-8D3E-82D453E5F09B}"
EndProject
Project("{9A19103F-16F7-4668-BE54-9A1E7A4F7556}") = "Academy.Week4.EsTicketing", "Academy.Week4.EsTicketing\Academy.Week4.EsTicketing.csproj", "{29A1DAFC-71BF-4F3A-9BF4-2C3E7F0AAC11}"
EndProject
Project("{FAE04EC0-301F-11D3-BF4B-00C04F79EFBC}") = "Academy.Week4.ADOEF.DisconnectedMode", "Academy.Week4.ADOEF.DisconnectedMode\Academy.Week4.ADOEF.DisconnectedMode.csproj", "{53A30587-6166-4D62-A732-9915213DEF5D}"
EndProject
Global
	GlobalSection(SolutionConfigurationPlatforms) = preSolution
		Debug|Any CPU = Debug|Any CPU
		Release|Any CPU = Release|Any CPU
	EndGlobalSection
	GlobalSection(ProjectConfigurationPlatforms) = postSolution
		{F7C0F1F7-55FE-4A3A-8D3E-82D453E5F09B}.Debug|Any CPU.ActiveCfg = Debug|Any CPU
		{F7C0F1F7-55FE-4A3A-8D3E-82D453E5F09B}.Debug|Any CPU.Build.0 = Debug|Any CPU
		{F7C0F1F7-55FE-4A3A-8D3E-82D453E5F09B}.Release|Any CPU.ActiveCfg = Release|Any CPU
		{F7C0F1F7-55FE-4A3A-8D3E-82D453E5F09B}.Release|Any CPU.Build.0 = Release|Any CPU
		{29A1DAFC-71BF-4F3A-9BF4-2C3E7F0AAC11}.Debug|Any CPU.ActiveCfg = Debug|Any CPU
		{29A1DAFC-71BF-4F3A-9BF4-2C3E7F0AAC11}.Debug|Any CPU.Build.0 = Debug|Any CPU
		{29A1DAFC-71BF-4F3A-9BF4-2C3E7F0AAC11}.Release|Any CPU.ActiveCfg = Release|Any CPU
		{29A1DAFC-71BF-4F3A-9BF4-2C3E7F0AAC11}.Release|Any CPU.Build.0 = Release|Any CPU
		{53A30587-6166-4D62-A732-9915213DEF5D}.Debug|Any CPU.ActiveCfg = Debug|Any CPU
		{53A30587-6166-4D62-A732-9915213DEF5D}.Debug|Any CPU.Build.0 = Debug|Any CPU
		{53A30587-6166-4D62-A732-9915213DEF5D}.Release|Any CPU.ActiveCfg = Release|Any CPU
		{53A30587-6166-4D62-A732-9915213DEF5D}.Release|Any CPU.Build.0 = Release|Any CPU
	EndGlobalSection
	GlobalSection(SolutionProperties) = preSolution
		HideSolutionNode = FALSE
	EndGlobalSection
	GlobalSection(ExtensibilityGlobals) = postSolution
		SolutionGuid = {A648E7A9-DCFE-43FC-9431-2C62B0ED259A}
	EndGlobalSection
EndGlobal
