
Microsoft Visual Studio Solution File, Format Version 12.00
# Visual Studio Version 17
VisualStudioVersion = 17.0.32014.148
MinimumVisualStudioVersion = 10.0.40219.1
Project("{FAE04EC0-301F-11D3-BF4B-00C04F79EFBC}") = "Academy.Week4.EntityFramework.Es1", "Academy.Week4.EntityFramework.Es1\Academy.Week4.EntityFramework.Es1.csproj", "{FB5F4528-E2A2-4809-BFAA-362EDAED8B6A}"
EndProject
Global
	GlobalSection(SolutionConfigurationPlatforms) = preSolution
		Debug|Any CPU = Debug|Any CPU
		Release|Any CPU = Release|Any CPU
	EndGlobalSection
	GlobalSection(ProjectConfigurationPlatforms) = postSolution
		{FB5F4528-E2A2-4809-BFAA-362EDAED8B6A}.Debug|Any CPU.ActiveCfg = Debug|Any CPU
		{FB5F4528-E2A2-4809-BFAA-362EDAED8B6A}.Debug|Any CPU.Build.0 = Debug|Any CPU
		{FB5F4528-E2A2-4809-BFAA-362EDAED8B6A}.Release|Any CPU.ActiveCfg = Release|Any CPU
		{FB5F4528-E2A2-4809-BFAA-362EDAED8B6A}.Release|Any CPU.Build.0 = Release|Any CPU
	EndGlobalSection
	GlobalSection(SolutionProperties) = preSolution
		HideSolutionNode = FALSE
	EndGlobalSection
	GlobalSection(ExtensibilityGlobals) = postSolution
		SolutionGuid = {E7EAAEE3-9CE0-46A4-A50D-BE2AEB27CA9D}
	EndGlobalSection
EndGlobal
